
Microsoft Visual Studio Solution File, Format Version 12.00
# Visual Studio 15
VisualStudioVersion = 15.0.26206.0
MinimumVisualStudioVersion = 10.0.40219.1
Project("{9A19103F-16F7-4668-BE54-9A1E7A4F7556}") = "Bekk.ExcelBuilder", "src\Bekk.ExcelCreator\Bekk.ExcelBuilder.csproj", "{6276D59A-2D0D-451C-8444-78F9355CF61E}"
EndProject
Project("{2150E333-8FDC-42A3-9474-1A3956D46DE8}") = "tests", "tests", "{6CA40B0C-FB78-4F1E-A97E-8E1DA7B1D021}"
EndProject
Project("{2150E333-8FDC-42A3-9474-1A3956D46DE8}") = "src", "src", "{6148CAA5-9CDB-4323-9C4B-0CA8FF822D8F}"
EndProject
Project("{FAE04EC0-301F-11D3-BF4B-00C04F79EFBC}") = "Bekk.ExcelBuilder.Tests", "tests\Bekk.ExcelCreator.Tests\Bekk.ExcelBuilder.Tests.csproj", "{8CBC7403-553B-4E7A-91F3-BB1DCF82AAED}"
EndProject
Project("{FAE04EC0-301F-11D3-BF4B-00C04F79EFBC}") = "Bekk.ExcelBuilder.Contracts", "Bekk.ExcelBuilder.Contracts\Bekk.ExcelBuilder.Contracts.csproj", "{143F89A6-7D6C-40DC-A158-26AE4F911E67}"
EndProject
Global
	GlobalSection(SolutionConfigurationPlatforms) = preSolution
		Debug|Any CPU = Debug|Any CPU
		Debug|x64 = Debug|x64
		Debug|x86 = Debug|x86
		Release|Any CPU = Release|Any CPU
		Release|x64 = Release|x64
		Release|x86 = Release|x86
	EndGlobalSection
	GlobalSection(ProjectConfigurationPlatforms) = postSolution
		{6276D59A-2D0D-451C-8444-78F9355CF61E}.Debug|Any CPU.ActiveCfg = Debug|Any CPU
		{6276D59A-2D0D-451C-8444-78F9355CF61E}.Debug|Any CPU.Build.0 = Debug|Any CPU
		{6276D59A-2D0D-451C-8444-78F9355CF61E}.Debug|x64.ActiveCfg = Debug|x64
		{6276D59A-2D0D-451C-8444-78F9355CF61E}.Debug|x64.Build.0 = Debug|x64
		{6276D59A-2D0D-451C-8444-78F9355CF61E}.Debug|x86.ActiveCfg = Debug|x86
		{6276D59A-2D0D-451C-8444-78F9355CF61E}.Debug|x86.Build.0 = Debug|x86
		{6276D59A-2D0D-451C-8444-78F9355CF61E}.Release|Any CPU.ActiveCfg = Release|Any CPU
		{6276D59A-2D0D-451C-8444-78F9355CF61E}.Release|Any CPU.Build.0 = Release|Any CPU
		{6276D59A-2D0D-451C-8444-78F9355CF61E}.Release|x64.ActiveCfg = Release|x64
		{6276D59A-2D0D-451C-8444-78F9355CF61E}.Release|x64.Build.0 = Release|x64
		{6276D59A-2D0D-451C-8444-78F9355CF61E}.Release|x86.ActiveCfg = Release|x86
		{6276D59A-2D0D-451C-8444-78F9355CF61E}.Release|x86.Build.0 = Release|x86
		{8CBC7403-553B-4E7A-91F3-BB1DCF82AAED}.Debug|Any CPU.ActiveCfg = Debug|Any CPU
		{8CBC7403-553B-4E7A-91F3-BB1DCF82AAED}.Debug|Any CPU.Build.0 = Debug|Any CPU
		{8CBC7403-553B-4E7A-91F3-BB1DCF82AAED}.Debug|x64.ActiveCfg = Debug|Any CPU
		{8CBC7403-553B-4E7A-91F3-BB1DCF82AAED}.Debug|x64.Build.0 = Debug|Any CPU
		{8CBC7403-553B-4E7A-91F3-BB1DCF82AAED}.Debug|x86.ActiveCfg = Debug|Any CPU
		{8CBC7403-553B-4E7A-91F3-BB1DCF82AAED}.Debug|x86.Build.0 = Debug|Any CPU
		{8CBC7403-553B-4E7A-91F3-BB1DCF82AAED}.Release|Any CPU.ActiveCfg = Release|Any CPU
		{8CBC7403-553B-4E7A-91F3-BB1DCF82AAED}.Release|Any CPU.Build.0 = Release|Any CPU
		{8CBC7403-553B-4E7A-91F3-BB1DCF82AAED}.Release|x64.ActiveCfg = Release|Any CPU
		{8CBC7403-553B-4E7A-91F3-BB1DCF82AAED}.Release|x64.Build.0 = Release|Any CPU
		{8CBC7403-553B-4E7A-91F3-BB1DCF82AAED}.Release|x86.ActiveCfg = Release|Any CPU
		{8CBC7403-553B-4E7A-91F3-BB1DCF82AAED}.Release|x86.Build.0 = Release|Any CPU
		{143F89A6-7D6C-40DC-A158-26AE4F911E67}.Debug|Any CPU.ActiveCfg = Debug|Any CPU
		{143F89A6-7D6C-40DC-A158-26AE4F911E67}.Debug|Any CPU.Build.0 = Debug|Any CPU
		{143F89A6-7D6C-40DC-A158-26AE4F911E67}.Debug|x64.ActiveCfg = Debug|x64
		{143F89A6-7D6C-40DC-A158-26AE4F911E67}.Debug|x64.Build.0 = Debug|x64
		{143F89A6-7D6C-40DC-A158-26AE4F911E67}.Debug|x86.ActiveCfg = Debug|x86
		{143F89A6-7D6C-40DC-A158-26AE4F911E67}.Debug|x86.Build.0 = Debug|x86
		{143F89A6-7D6C-40DC-A158-26AE4F911E67}.Release|Any CPU.ActiveCfg = Release|Any CPU
		{143F89A6-7D6C-40DC-A158-26AE4F911E67}.Release|Any CPU.Build.0 = Release|Any CPU
		{143F89A6-7D6C-40DC-A158-26AE4F911E67}.Release|x64.ActiveCfg = Release|x64
		{143F89A6-7D6C-40DC-A158-26AE4F911E67}.Release|x64.Build.0 = Release|x64
		{143F89A6-7D6C-40DC-A158-26AE4F911E67}.Release|x86.ActiveCfg = Release|x86
		{143F89A6-7D6C-40DC-A158-26AE4F911E67}.Release|x86.Build.0 = Release|x86
	EndGlobalSection
	GlobalSection(SolutionProperties) = preSolution
		HideSolutionNode = FALSE
	EndGlobalSection
	GlobalSection(NestedProjects) = preSolution
		{6276D59A-2D0D-451C-8444-78F9355CF61E} = {6148CAA5-9CDB-4323-9C4B-0CA8FF822D8F}
		{8CBC7403-553B-4E7A-91F3-BB1DCF82AAED} = {6CA40B0C-FB78-4F1E-A97E-8E1DA7B1D021}
		{143F89A6-7D6C-40DC-A158-26AE4F911E67} = {6148CAA5-9CDB-4323-9C4B-0CA8FF822D8F}
	EndGlobalSection
EndGlobal
